
Microsoft Visual Studio Solution File, Format Version 12.00
# Visual Studio Version 17
VisualStudioVersion = 17.3.32929.385
MinimumVisualStudioVersion = 10.0.40219.1
Project("{C7167F0D-BC9F-4E6E-AFE1-012C56B48DB5}") = "AcademicDashboard.Package", "AcademicDashboard.Package\AcademicDashboard.Package.wapproj", "{FFF2A9FF-3BCC-4D53-B774-BE67915A3FAA}"
EndProject
Project("{8BC9CEB8-8B4A-11D0-8D11-00A0C91BC942}") = "AcademicDashboard", "AcademicDashboard\AcademicDashboard.vcxproj", "{A4CDF62B-6932-4060-9403-B8C71D01D239}"
EndProject
Global
	GlobalSection(SolutionConfigurationPlatforms) = preSolution
		Debug|x64 = Debug|x64
		Debug|x86 = Debug|x86
		Debug|ARM64 = Debug|ARM64
		Release|x64 = Release|x64
		Release|x86 = Release|x86
		Release|ARM64 = Release|ARM64
	EndGlobalSection
	GlobalSection(ProjectConfigurationPlatforms) = postSolution
		{FFF2A9FF-3BCC-4D53-B774-BE67915A3FAA}.Debug|x64.ActiveCfg = Debug|x64
		{FFF2A9FF-3BCC-4D53-B774-BE67915A3FAA}.Debug|x64.Build.0 = Debug|x64
		{FFF2A9FF-3BCC-4D53-B774-BE67915A3FAA}.Debug|x64.Deploy.0 = Debug|x64
		{FFF2A9FF-3BCC-4D53-B774-BE67915A3FAA}.Debug|x86.ActiveCfg = Debug|x86
		{FFF2A9FF-3BCC-4D53-B774-BE67915A3FAA}.Debug|x86.Build.0 = Debug|x86
		{FFF2A9FF-3BCC-4D53-B774-BE67915A3FAA}.Debug|x86.Deploy.0 = Debug|x86
		{FFF2A9FF-3BCC-4D53-B774-BE67915A3FAA}.Debug|ARM64.ActiveCfg = Debug|ARM64
		{FFF2A9FF-3BCC-4D53-B774-BE67915A3FAA}.Debug|ARM64.Build.0 = Debug|ARM64
		{FFF2A9FF-3BCC-4D53-B774-BE67915A3FAA}.Debug|ARM64.Deploy.0 = Debug|ARM64
		{FFF2A9FF-3BCC-4D53-B774-BE67915A3FAA}.Release|x64.ActiveCfg = Release|x64
		{FFF2A9FF-3BCC-4D53-B774-BE67915A3FAA}.Release|x64.Build.0 = Release|x64
		{FFF2A9FF-3BCC-4D53-B774-BE67915A3FAA}.Release|x64.Deploy.0 = Release|x64
		{FFF2A9FF-3BCC-4D53-B774-BE67915A3FAA}.Release|x86.ActiveCfg = Release|x86
		{FFF2A9FF-3BCC-4D53-B774-BE67915A3FAA}.Release|x86.Build.0 = Release|x86
		{FFF2A9FF-3BCC-4D53-B774-BE67915A3FAA}.Release|x86.Deploy.0 = Release|x86
		{FFF2A9FF-3BCC-4D53-B774-BE67915A3FAA}.Release|ARM64.ActiveCfg = Release|ARM64
		{FFF2A9FF-3BCC-4D53-B774-BE67915A3FAA}.Release|ARM64.Build.0 = Release|ARM64
		{FFF2A9FF-3BCC-4D53-B774-BE67915A3FAA}.Release|ARM64.Deploy.0 = Release|ARM64
		{A4CDF62B-6932-4060-9403-B8C71D01D239}.Debug|x64.ActiveCfg = Debug|x64
		{A4CDF62B-6932-4060-9403-B8C71D01D239}.Debug|x64.Build.0 = Debug|x64
		{A4CDF62B-6932-4060-9403-B8C71D01D239}.Debug|x64.Deploy.0 = Debug|x64
		{A4CDF62B-6932-4060-9403-B8C71D01D239}.Debug|x86.ActiveCfg = Debug|Win32
		{A4CDF62B-6932-4060-9403-B8C71D01D239}.Debug|x86.Build.0 = Debug|Win32
		{A4CDF62B-6932-4060-9403-B8C71D01D239}.Debug|x86.Deploy.0 = Debug|Win32
		{A4CDF62B-6932-4060-9403-B8C71D01D239}.Debug|ARM64.ActiveCfg = Debug|ARM64
		{A4CDF62B-6932-4060-9403-B8C71D01D239}.Debug|ARM64.Build.0 = Debug|ARM64
		{A4CDF62B-6932-4060-9403-B8C71D01D239}.Debug|ARM64.Deploy.0 = Debug|ARM64
		{A4CDF62B-6932-4060-9403-B8C71D01D239}.Release|x64.ActiveCfg = Release|x64
		{A4CDF62B-6932-4060-9403-B8C71D01D239}.Release|x64.Build.0 = Release|x64
		{A4CDF62B-6932-4060-9403-B8C71D01D239}.Release|x64.Deploy.0 = Release|x64
		{A4CDF62B-6932-4060-9403-B8C71D01D239}.Release|x86.ActiveCfg = Release|Win32
		{A4CDF62B-6932-4060-9403-B8C71D01D239}.Release|x86.Build.0 = Release|Win32
		{A4CDF62B-6932-4060-9403-B8C71D01D239}.Release|x86.Deploy.0 = Release|Win32
		{A4CDF62B-6932-4060-9403-B8C71D01D239}.Release|ARM64.ActiveCfg = Release|ARM64
		{A4CDF62B-6932-4060-9403-B8C71D01D239}.Release|ARM64.Build.0 = Release|ARM64
		{A4CDF62B-6932-4060-9403-B8C71D01D239}.Release|ARM64.Deploy.0 = Release|ARM64
	EndGlobalSection
	GlobalSection(SolutionProperties) = preSolution
		HideSolutionNode = FALSE
	EndGlobalSection
	GlobalSection(ExtensibilityGlobals) = postSolution
		SolutionGuid = {D43FAD39-F619-437D-BB40-04A3982ACB6A}
	EndGlobalSection
EndGlobal
